
Microsoft Visual Studio Solution File, Format Version 12.00
# Visual Studio Version 17
VisualStudioVersion = 17.8.34330.188
MinimumVisualStudioVersion = 10.0.40219.1
Project("{FAE04EC0-301F-11D3-BF4B-00C04F79EFBC}") = "BookSeller_App", "BookSeller_App\BookSeller_App.csproj", "{20227DE3-BF55-44C1-B1B8-D1528D9EB1DB}"
EndProject
Global
	GlobalSection(SolutionConfigurationPlatforms) = preSolution
		Debug|Any CPU = Debug|Any CPU
		Release|Any CPU = Release|Any CPU
	EndGlobalSection
	GlobalSection(ProjectConfigurationPlatforms) = postSolution
		{20227DE3-BF55-44C1-B1B8-D1528D9EB1DB}.Debug|Any CPU.ActiveCfg = Debug|Any CPU
		{20227DE3-BF55-44C1-B1B8-D1528D9EB1DB}.Debug|Any CPU.Build.0 = Debug|Any CPU
		{20227DE3-BF55-44C1-B1B8-D1528D9EB1DB}.Release|Any CPU.ActiveCfg = Release|Any CPU
		{20227DE3-BF55-44C1-B1B8-D1528D9EB1DB}.Release|Any CPU.Build.0 = Release|Any CPU
	EndGlobalSection
	GlobalSection(SolutionProperties) = preSolution
		HideSolutionNode = FALSE
	EndGlobalSection
	GlobalSection(ExtensibilityGlobals) = postSolution
		SolutionGuid = {2F3057C6-AD32-4397-9DAD-5FBEE8E734A5}
	EndGlobalSection
EndGlobal
